// !$*UTF8*$!
{
	archiveVersion = 1;
	classes = {
	};
	objectVersion = 46;
	objects = {

/* Begin PBXBuildFile section */
		4A9D62931EA5B54C00416475 /* AppDelegate.swift in Sources */ = {isa = PBXBuildFile; fileRef = 4A9D62921EA5B54C00416475 /* AppDelegate.swift */; };
		4A9D62951EA5B54C00416475 /* ViewController.swift in Sources */ = {isa = PBXBuildFile; fileRef = 4A9D62941EA5B54C00416475 /* ViewController.swift */; };
		4A9D62981EA5B54C00416475 /* Main.storyboard in Resources */ = {isa = PBXBuildFile; fileRef = 4A9D62961EA5B54C00416475 /* Main.storyboard */; };
		4A9D629A1EA5B54C00416475 /* Assets.xcassets in Resources */ = {isa = PBXBuildFile; fileRef = 4A9D62991EA5B54C00416475 /* Assets.xcassets */; };
		4A9D629D1EA5B54C00416475 /* LaunchScreen.storyboard in Resources */ = {isa = PBXBuildFile; fileRef = 4A9D629B1EA5B54C00416475 /* LaunchScreen.storyboard */; };
		4A9D62A51EA5B55500416475 /* BartAlertController.swift in Sources */ = {isa = PBXBuildFile; fileRef = 4A9D62A41EA5B55500416475 /* BartAlertController.swift */; };
/* End PBXBuildFile section */

/* Begin PBXFileReference section */
		4A9D628F1EA5B54C00416475 /* BartAlert.app */ = {isa = PBXFileReference; explicitFileType = wrapper.application; includeInIndex = 0; path = BartAlert.app; sourceTree = BUILT_PRODUCTS_DIR; };
		4A9D62921EA5B54C00416475 /* AppDelegate.swift */ = {isa = PBXFileReference; lastKnownFileType = sourcecode.swift; path = AppDelegate.swift; sourceTree = "<group>"; };
		4A9D62941EA5B54C00416475 /* ViewController.swift */ = {isa = PBXFileReference; lastKnownFileType = sourcecode.swift; path = ViewController.swift; sourceTree = "<group>"; };
		4A9D62971EA5B54C00416475 /* Base */ = {isa = PBXFileReference; lastKnownFileType = file.storyboard; name = Base; path = Base.lproj/Main.storyboard; sourceTree = "<group>"; };
		4A9D62991EA5B54C00416475 /* Assets.xcassets */ = {isa = PBXFileReference; lastKnownFileType = folder.assetcatalog; path = Assets.xcassets; sourceTree = "<group>"; };
		4A9D629C1EA5B54C00416475 /* Base */ = {isa = PBXFileReference; lastKnownFileType = file.storyboard; name = Base; path = Base.lproj/LaunchScreen.storyboard; sourceTree = "<group>"; };
		4A9D629E1EA5B54C00416475 /* Info.plist */ = {isa = PBXFileReference; lastKnownFileType = text.plist.xml; path = Info.plist; sourceTree = "<group>"; };
		4A9D62A41EA5B55500416475 /* BartAlertController.swift */ = {isa = PBXFileReference; fileEncoding = 4; lastKnownFileType = sourcecode.swift; path = BartAlertController.swift; sourceTree = "<group>"; };
/* End PBXFileReference section */

/* Begin PBXFrameworksBuildPhase section */
		4A9D628C1EA5B54C00416475 /* Frameworks */ = {
			isa = PBXFrameworksBuildPhase;
			buildActionMask = 2147483647;
			files = (
			);
			runOnlyForDeploymentPostprocessing = 0;
		};
/* End PBXFrameworksBuildPhase section */

/* Begin PBXGroup section */
		4A9D62861EA5B54C00416475 = {
			isa = PBXGroup;
			children = (
				4A9D62911EA5B54C00416475 /* BartAlert */,
				4A9D62901EA5B54C00416475 /* Products */,
			);
			sourceTree = "<group>";
		};
		4A9D62901EA5B54C00416475 /* Products */ = {
			isa = PBXGroup;
			children = (
				4A9D628F1EA5B54C00416475 /* BartAlert.app */,
			);
			name = Products;
			sourceTree = "<group>";
		};
		4A9D62911EA5B54C00416475 /* BartAlert */ = {
			isa = PBXGroup;
			children = (
				4A9D62921EA5B54C00416475 /* AppDelegate.swift */,
				4A9D62941EA5B54C00416475 /* ViewController.swift */,
				4A9D62A41EA5B55500416475 /* BartAlertController.swift */,
				4A9D62961EA5B54C00416475 /* Main.storyboard */,
				4A9D62991EA5B54C00416475 /* Assets.xcassets */,
				4A9D629B1EA5B54C00416475 /* LaunchScreen.storyboard */,
				4A9D629E1EA5B54C00416475 /* Info.plist */,
			);
			path = BartAlert;
			sourceTree = "<group>";
		};
/* End PBXGroup section */

/* Begin PBXNativeTarget section */
		4A9D628E1EA5B54C00416475 /* BartAlert */ = {
			isa = PBXNativeTarget;
			buildConfigurationList = 4A9D62A11EA5B54C00416475 /* Build configuration list for PBXNativeTarget "BartAlert" */;
			buildPhases = (
				4A9D628B1EA5B54C00416475 /* Sources */,
				4A9D628C1EA5B54C00416475 /* Frameworks */,
				4A9D628D1EA5B54C00416475 /* Resources */,
			);
			buildRules = (
			);
			dependencies = (
			);
			name = BartAlert;
			productName = BartAlert;
			productReference = 4A9D628F1EA5B54C00416475 /* BartAlert.app */;
			productType = "com.apple.product-type.application";
		};
/* End PBXNativeTarget section */

/* Begin PBXProject section */
		4A9D62871EA5B54C00416475 /* Project object */ = {
			isa = PBXProject;
			attributes = {
				LastSwiftUpdateCheck = 0830;
				LastUpgradeCheck = 0830;
				ORGANIZATIONNAME = simpsons;
				TargetAttributes = {
					4A9D628E1EA5B54C00416475 = {
						CreatedOnToolsVersion = 8.3.1;
						DevelopmentTeam = LG24S6VK7R;
						ProvisioningStyle = Automatic;
					};
				};
			};
			buildConfigurationList = 4A9D628A1EA5B54C00416475 /* Build configuration list for PBXProject "BartAlert" */;
			compatibilityVersion = "Xcode 3.2";
			developmentRegion = English;
			hasScannedForEncodings = 0;
			knownRegions = (
				en,
				Base,
			);
			mainGroup = 4A9D62861EA5B54C00416475;
			productRefGroup = 4A9D62901EA5B54C00416475 /* Products */;
			projectDirPath = "";
			projectRoot = "";
			targets = (
				4A9D628E1EA5B54C00416475 /* BartAlert */,
			);
		};
/* End PBXProject section */

/* Begin PBXResourcesBuildPhase section */
		4A9D628D1EA5B54C00416475 /* Resources */ = {
			isa = PBXResourcesBuildPhase;
			buildActionMask = 2147483647;
			files = (
				4A9D629D1EA5B54C00416475 /* LaunchScreen.storyboard in Resources */,
				4A9D629A1EA5B54C00416475 /* Assets.xcassets in Resources */,
				4A9D62981EA5B54C00416475 /* Main.storyboard in Resources */,
			);
			runOnlyForDeploymentPostprocessing = 0;
		};
/* End PBXResourcesBuildPhase section */

/* Begin PBXSourcesBuildPhase section */
		4A9D628B1EA5B54C00416475 /* Sources */ = {
			isa = PBXSourcesBuildPhase;
			buildActionMask = 2147483647;
			files = (
				4A9D62A51EA5B55500416475 /* BartAlertController.swift in Sources */,
				4A9D62951EA5B54C00416475 /* ViewController.swift in Sources */,
				4A9D62931EA5B54C00416475 /* AppDelegate.swift in Sources */,
			);
			runOnlyForDeploymentPostprocessing = 0;
		};
/* End PBXSourcesBuildPhase section */

/* Begin PBXVariantGroup section */
		4A9D62961EA5B54C00416475 /* Main.storyboard */ = {
			isa = PBXVariantGroup;
			children = (
				4A9D62971EA5B54C00416475 /* Base */,
			);
			name = Main.storyboard;
			sourceTree = "<group>";
		};
		4A9D629B1EA5B54C00416475 /* LaunchScreen.storyboard */ = {
			isa = PBXVariantGroup;
			children = (
				4A9D629C1EA5B54C00416475 /* Base */,
			);
			name = LaunchScreen.storyboard;
			sourceTree = "<group>";
		};
/* End PBXVariantGroup section */

/* Begin XCBuildConfiguration section */
		4A9D629F1EA5B54C00416475 /* Debug */ = {
			isa = XCBuildConfiguration;
			buildSettings = {
				ALWAYS_SEARCH_USER_PATHS = NO;
				CLANG_ANALYZER_NONNULL = YES;
				CLANG_ANALYZER_NUMBER_OBJECT_CONVERSION = YES_AGGRESSIVE;
				CLANG_CXX_LANGUAGE_STANDARD = "gnu++0x";
				CLANG_CXX_LIBRARY = "libc++";
				CLANG_ENABLE_MODULES = YES;
				CLANG_ENABLE_OBJC_ARC = YES;
				CLANG_WARN_BOOL_CONVERSION = YES;
				CLANG_WARN_CONSTANT_CONVERSION = YES;
				CLANG_WARN_DIRECT_OBJC_ISA_USAGE = YES_ERROR;
				CLANG_WARN_DOCUMENTATION_COMMENTS = YES;
				CLANG_WARN_EMPTY_BODY = YES;
				CLANG_WARN_ENUM_CONVERSION = YES;
				CLANG_WARN_INFINITE_RECURSION = YES;
				CLANG_WARN_INT_CONVERSION = YES;
				CLANG_WARN_OBJC_ROOT_CLASS = YES_ERROR;
				CLANG_WARN_SUSPICIOUS_MOVE = YES;
				CLANG_WARN_UNREACHABLE_CODE = YES;
				CLANG_WARN__DUPLICATE_METHOD_MATCH = YES;
				"CODE_SIGN_IDENTITY[sdk=iphoneos*]" = "iPhone Developer";
				COPY_PHASE_STRIP = NO;
				DEBUG_INFORMATION_FORMAT = dwarf;
				ENABLE_STRICT_OBJC_MSGSEND = YES;
				ENABLE_TESTABILITY = YES;
				GCC_C_LANGUAGE_STANDARD = gnu99;
				GCC_DYNAMIC_NO_PIC = NO;
				GCC_NO_COMMON_BLOCKS = YES;
				GCC_OPTIMIZATION_LEVEL = 0;
				GCC_PREPROCESSOR_DEFINITIONS = (
					"DEBUG=1",
					"$(inherited)",
				);
				GCC_WARN_64_TO_32_BIT_CONVERSION = YES;
				GCC_WARN_ABOUT_RETURN_TYPE = YES_ERROR;
				GCC_WARN_UNDECLARED_SELECTOR = YES;
				GCC_WARN_UNINITIALIZED_AUTOS = YES_AGGRESSIVE;
				GCC_WARN_UNUSED_FUNCTION = YES;
				GCC_WARN_UNUSED_VARIABLE = YES;
				IPHONEOS_DEPLOYMENT_TARGET = 10.3;
				MTL_ENABLE_DEBUG_INFO = YES;
				ONLY_ACTIVE_ARCH = YES;
				SDKROOT = iphoneos;
				SWIFT_ACTIVE_COMPILATION_CONDITIONS = DEBUG;
				SWIFT_OPTIMIZATION_LEVEL = "-Onone";
				TARGETED_DEVICE_FAMILY = "1,2";
			};
			name = Debug;
		};
		4A9D62A01EA5B54C00416475 /* Release */ = {
			isa = XCBuildConfiguration;
			buildSettings = {
				ALWAYS_SEARCH_USER_PATHS = NO;
				CLANG_ANALYZER_NONNULL = YES;
				CLANG_ANALYZER_NUMBER_OBJECT_CONVERSION = YES_AGGRESSIVE;
				CLANG_CXX_LANGUAGE_STANDARD = "gnu++0x";
				CLANG_CXX_LIBRARY = "libc++";
				CLANG_ENABLE_MODULES = YES;
				CLANG_ENABLE_OBJC_ARC = YES;
				CLANG_WARN_BOOL_CONVERSION = YES;
				CLANG_WARN_CONSTANT_CONVERSION = YES;
				CLANG_WARN_DIRECT_OBJC_ISA_USAGE = YES_ERROR;
				CLANG_WARN_DOCUMENTATION_COMMENTS = YES;
				CLANG_WARN_EMPTY_BODY = YES;
				CLANG_WARN_ENUM_CONVERSION = YES;
				CLANG_WARN_INFINITE_RECURSION = YES;
				CLANG_WARN_INT_CONVERSION = YES;
				CLANG_WARN_OBJC_ROOT_CLASS = YES_ERROR;
				CLANG_WARN_SUSPICIOUS_MOVE = YES;
				CLANG_WARN_UNREACHABLE_CODE = YES;
				CLANG_WARN__DUPLICATE_METHOD_MATCH = YES;
				"CODE_SIGN_IDENTITY[sdk=iphoneos*]" = "iPhone Developer";
				COPY_PHASE_STRIP = NO;
				DEBUG_INFORMATION_FORMAT = "dwarf-with-dsym";
				ENABLE_NS_ASSERTIONS = NO;
				ENABLE_STRICT_OBJC_MSGSEND = YES;
				GCC_C_LANGUAGE_STANDARD = gnu99;
				GCC_NO_COMMON_BLOCKS = YES;
				GCC_WARN_64_TO_32_BIT_CONVERSION = YES;
				GCC_WARN_ABOUT_RETURN_TYPE = YES_ERROR;
				GCC_WARN_UNDECLARED_SELECTOR = YES;
				GCC_WARN_UNINITIALIZED_AUTOS = YES_AGGRESSIVE;
				GCC_WARN_UNUSED_FUNCTION = YES;
				GCC_WARN_UNUSED_VARIABLE = YES;
				IPHONEOS_DEPLOYMENT_TARGET = 10.3;
				MTL_ENABLE_DEBUG_INFO = NO;
				SDKROOT = iphoneos;
				SWIFT_OPTIMIZATION_LEVEL = "-Owholemodule";
				TARGETED_DEVICE_FAMILY = "1,2";
				VALIDATE_PRODUCT = YES;
			};
			name = Release;
		};
		4A9D62A21EA5B54C00416475 /* Debug */ = {
			isa = XCBuildConfiguration;
			buildSettings = {
				ASSETCATALOG_COMPILER_APPICON_NAME = AppIcon;
				DEVELOPMENT_TEAM = LG24S6VK7R;
				INFOPLIST_FILE = BartAlert/Info.plist;
				LD_RUNPATH_SEARCH_PATHS = "$(inherited) @executable_path/Frameworks";
				PRODUCT_BUNDLE_IDENTIFIER = www.simpsons.com.BartAlert;
				PRODUCT_NAME = "$(TARGET_NAME)";
				SWIFT_VERSION = 3.0;
			};
			name = Debug;
		};
		4A9D62A31EA5B54C00416475 /* Release */ = {
			isa = XCBuildConfiguration;
			buildSettings = {
				ASSETCATALOG_COMPILER_APPICON_NAME = AppIcon;
				DEVELOPMENT_TEAM = LG24S6VK7R;
				INFOPLIST_FILE = BartAlert/Info.plist;
				LD_RUNPATH_SEARCH_PATHS = "$(inherited) @executable_path/Frameworks";
				PRODUCT_BUNDLE_IDENTIFIER = www.simpsons.com.BartAlert;
				PRODUCT_NAME = "$(TARGET_NAME)";
				SWIFT_VERSION = 3.0;
			};
			name = Release;
		};
/* End XCBuildConfiguration section */

/* Begin XCConfigurationList section */
		4A9D628A1EA5B54C00416475 /* Build configuration list for PBXProject "BartAlert" */ = {
			isa = XCConfigurationList;
			buildConfigurations = (
				4A9D629F1EA5B54C00416475 /* Debug */,
				4A9D62A01EA5B54C00416475 /* Release */,
			);
			defaultConfigurationIsVisible = 0;
			defaultConfigurationName = Release;
		};
		4A9D62A11EA5B54C00416475 /* Build configuration list for PBXNativeTarget "BartAlert" */ = {
			isa = XCConfigurationList;
			buildConfigurations = (
				4A9D62A21EA5B54C00416475 /* Debug */,
				4A9D62A31EA5B54C00416475 /* Release */,
			);
			defaultConfigurationIsVisible = 0;
		};
/* End XCConfigurationList section */
	};
	rootObject = 4A9D62871EA5B54C00416475 /* Project object */;
}
